// !$*UTF8*$!
{
	archiveVersion = 1;
	classes = {
	};
	objectVersion = 50;
	objects = {

/* Begin PBXBuildFile section */
		04B1CA9022E1287500630F02 /* AppDelegate.swift in Sources */ = {isa = PBXBuildFile; fileRef = 04B1CA8F22E1287500630F02 /* AppDelegate.swift */; };
		04B1CA9222E1287500630F02 /* ViewController.swift in Sources */ = {isa = PBXBuildFile; fileRef = 04B1CA9122E1287500630F02 /* ViewController.swift */; };
		04B1CA9522E1287500630F02 /* Main.storyboard in Resources */ = {isa = PBXBuildFile; fileRef = 04B1CA9322E1287500630F02 /* Main.storyboard */; };
		04B1CA9722E1287700630F02 /* Assets.xcassets in Resources */ = {isa = PBXBuildFile; fileRef = 04B1CA9622E1287700630F02 /* Assets.xcassets */; };
		04B1CA9A22E1287700630F02 /* LaunchScreen.storyboard in Resources */ = {isa = PBXBuildFile; fileRef = 04B1CA9822E1287700630F02 /* LaunchScreen.storyboard */; };
		04B1CAA522E1287700630F02 /* ToDoListMVVMTests.swift in Sources */ = {isa = PBXBuildFile; fileRef = 04B1CAA422E1287700630F02 /* ToDoListMVVMTests.swift */; };
		04B1CAB022E1287700630F02 /* ToDoListMVVMUITests.swift in Sources */ = {isa = PBXBuildFile; fileRef = 04B1CAAF22E1287700630F02 /* ToDoListMVVMUITests.swift */; };
		04B1CAC022E1411800630F02 /* EditViewController.swift in Sources */ = {isa = PBXBuildFile; fileRef = 04B1CABF22E1411800630F02 /* EditViewController.swift */; };
		04B1CB1122E222B800630F02 /* CoreDataManager.swift in Sources */ = {isa = PBXBuildFile; fileRef = 04B1CB1022E222B800630F02 /* CoreDataManager.swift */; };
		04B1CB5A22E520A200630F02 /* Task+CoreDataClass.swift in Sources */ = {isa = PBXBuildFile; fileRef = 04B1CB5922E520A200630F02 /* Task+CoreDataClass.swift */; };
		04B1CB5C22E5216A00630F02 /* Task+CoreDataProperties.swift in Sources */ = {isa = PBXBuildFile; fileRef = 04B1CB5B22E5216A00630F02 /* Task+CoreDataProperties.swift */; };
		04B1CB6022E5238C00630F02 /* TaskListViewModel.swift in Sources */ = {isa = PBXBuildFile; fileRef = 04B1CB5F22E5238C00630F02 /* TaskListViewModel.swift */; };
		04B1CD6D22EA013900630F02 /* TaskModel.xcdatamodeld in Sources */ = {isa = PBXBuildFile; fileRef = 04B1CD6B22EA013900630F02 /* TaskModel.xcdatamodeld */; };
/* End PBXBuildFile section */

/* Begin PBXContainerItemProxy section */
		04B1CAA122E1287700630F02 /* PBXContainerItemProxy */ = {
			isa = PBXContainerItemProxy;
			containerPortal = 04B1CA8422E1287500630F02 /* Project object */;
			proxyType = 1;
			remoteGlobalIDString = 04B1CA8B22E1287500630F02;
			remoteInfo = ToDoListMVVM;
		};
		04B1CAAC22E1287700630F02 /* PBXContainerItemProxy */ = {
			isa = PBXContainerItemProxy;
			containerPortal = 04B1CA8422E1287500630F02 /* Project object */;
			proxyType = 1;
			remoteGlobalIDString = 04B1CA8B22E1287500630F02;
			remoteInfo = ToDoListMVVM;
		};
/* End PBXContainerItemProxy section */

/* Begin PBXFileReference section */
		04B1CA8C22E1287500630F02 /* ToDoListMVVM.app */ = {isa = PBXFileReference; explicitFileType = wrapper.application; includeInIndex = 0; path = ToDoListMVVM.app; sourceTree = BUILT_PRODUCTS_DIR; };
		04B1CA8F22E1287500630F02 /* AppDelegate.swift */ = {isa = PBXFileReference; lastKnownFileType = sourcecode.swift; path = AppDelegate.swift; sourceTree = "<group>"; };
		04B1CA9122E1287500630F02 /* ViewController.swift */ = {isa = PBXFileReference; lastKnownFileType = sourcecode.swift; path = ViewController.swift; sourceTree = "<group>"; };
		04B1CA9422E1287500630F02 /* Base */ = {isa = PBXFileReference; lastKnownFileType = file.storyboard; name = Base; path = Base.lproj/Main.storyboard; sourceTree = "<group>"; };
		04B1CA9622E1287700630F02 /* Assets.xcassets */ = {isa = PBXFileReference; lastKnownFileType = folder.assetcatalog; path = Assets.xcassets; sourceTree = "<group>"; };
		04B1CA9922E1287700630F02 /* Base */ = {isa = PBXFileReference; lastKnownFileType = file.storyboard; name = Base; path = Base.lproj/LaunchScreen.storyboard; sourceTree = "<group>"; };
		04B1CA9B22E1287700630F02 /* Info.plist */ = {isa = PBXFileReference; lastKnownFileType = text.plist.xml; path = Info.plist; sourceTree = "<group>"; };
		04B1CAA022E1287700630F02 /* ToDoListMVVMTests.xctest */ = {isa = PBXFileReference; explicitFileType = wrapper.cfbundle; includeInIndex = 0; path = ToDoListMVVMTests.xctest; sourceTree = BUILT_PRODUCTS_DIR; };
		04B1CAA422E1287700630F02 /* ToDoListMVVMTests.swift */ = {isa = PBXFileReference; lastKnownFileType = sourcecode.swift; path = ToDoListMVVMTests.swift; sourceTree = "<group>"; };
		04B1CAA622E1287700630F02 /* Info.plist */ = {isa = PBXFileReference; lastKnownFileType = text.plist.xml; path = Info.plist; sourceTree = "<group>"; };
		04B1CAAB22E1287700630F02 /* ToDoListMVVMUITests.xctest */ = {isa = PBXFileReference; explicitFileType = wrapper.cfbundle; includeInIndex = 0; path = ToDoListMVVMUITests.xctest; sourceTree = BUILT_PRODUCTS_DIR; };
		04B1CAAF22E1287700630F02 /* ToDoListMVVMUITests.swift */ = {isa = PBXFileReference; lastKnownFileType = sourcecode.swift; path = ToDoListMVVMUITests.swift; sourceTree = "<group>"; };
		04B1CAB122E1287700630F02 /* Info.plist */ = {isa = PBXFileReference; lastKnownFileType = text.plist.xml; path = Info.plist; sourceTree = "<group>"; };
		04B1CABF22E1411800630F02 /* EditViewController.swift */ = {isa = PBXFileReference; lastKnownFileType = sourcecode.swift; path = EditViewController.swift; sourceTree = "<group>"; };
		04B1CACE22E1592B00630F02 /* ToDoListMVVM copy.app */ = {isa = PBXFileReference; explicitFileType = wrapper.application; includeInIndex = 0; path = "ToDoListMVVM copy.app"; sourceTree = BUILT_PRODUCTS_DIR; };
		04B1CB1022E222B800630F02 /* CoreDataManager.swift */ = {isa = PBXFileReference; lastKnownFileType = sourcecode.swift; path = CoreDataManager.swift; sourceTree = "<group>"; };
		04B1CB5922E520A200630F02 /* Task+CoreDataClass.swift */ = {isa = PBXFileReference; lastKnownFileType = sourcecode.swift; path = "Task+CoreDataClass.swift"; sourceTree = "<group>"; };
		04B1CB5B22E5216A00630F02 /* Task+CoreDataProperties.swift */ = {isa = PBXFileReference; lastKnownFileType = sourcecode.swift; path = "Task+CoreDataProperties.swift"; sourceTree = "<group>"; };
		04B1CB5F22E5238C00630F02 /* TaskListViewModel.swift */ = {isa = PBXFileReference; lastKnownFileType = sourcecode.swift; path = TaskListViewModel.swift; sourceTree = "<group>"; };
		04B1CD6C22EA013900630F02 /* TaskModel.xcdatamodel */ = {isa = PBXFileReference; lastKnownFileType = wrapper.xcdatamodel; path = TaskModel.xcdatamodel; sourceTree = "<group>"; };
/* End PBXFileReference section */

/* Begin PBXFrameworksBuildPhase section */
		04B1CA8922E1287500630F02 /* Frameworks */ = {
			isa = PBXFrameworksBuildPhase;
			buildActionMask = 2147483647;
			files = (
			);
			runOnlyForDeploymentPostprocessing = 0;
		};
		04B1CA9D22E1287700630F02 /* Frameworks */ = {
			isa = PBXFrameworksBuildPhase;
			buildActionMask = 2147483647;
			files = (
			);
			runOnlyForDeploymentPostprocessing = 0;
		};
		04B1CAA822E1287700630F02 /* Frameworks */ = {
			isa = PBXFrameworksBuildPhase;
			buildActionMask = 2147483647;
			files = (
			);
			runOnlyForDeploymentPostprocessing = 0;
		};
		04B1CAC622E1592B00630F02 /* Frameworks */ = {
			isa = PBXFrameworksBuildPhase;
			buildActionMask = 2147483647;
			files = (
			);
			runOnlyForDeploymentPostprocessing = 0;
		};
/* End PBXFrameworksBuildPhase section */

/* Begin PBXGroup section */
		04B1CA8322E1287500630F02 = {
			isa = PBXGroup;
			children = (
				04B1CA8E22E1287500630F02 /* ToDoListMVVM */,
				04B1CAA322E1287700630F02 /* ToDoListMVVMTests */,
				04B1CAAE22E1287700630F02 /* ToDoListMVVMUITests */,
				04B1CA8D22E1287500630F02 /* Products */,
			);
			sourceTree = "<group>";
		};
		04B1CA8D22E1287500630F02 /* Products */ = {
			isa = PBXGroup;
			children = (
				04B1CA8C22E1287500630F02 /* ToDoListMVVM.app */,
				04B1CAA022E1287700630F02 /* ToDoListMVVMTests.xctest */,
				04B1CAAB22E1287700630F02 /* ToDoListMVVMUITests.xctest */,
				04B1CACE22E1592B00630F02 /* ToDoListMVVM copy.app */,
			);
			name = Products;
			sourceTree = "<group>";
		};
		04B1CA8E22E1287500630F02 /* ToDoListMVVM */ = {
			isa = PBXGroup;
			children = (
				04B1CA8F22E1287500630F02 /* AppDelegate.swift */,
				04B1CA9122E1287500630F02 /* ViewController.swift */,
				04B1CB1022E222B800630F02 /* CoreDataManager.swift */,
				04B1CB5B22E5216A00630F02 /* Task+CoreDataProperties.swift */,
				04B1CB5922E520A200630F02 /* Task+CoreDataClass.swift */,
				04B1CA9322E1287500630F02 /* Main.storyboard */,
				04B1CA9622E1287700630F02 /* Assets.xcassets */,
				04B1CA9822E1287700630F02 /* LaunchScreen.storyboard */,
				04B1CB5F22E5238C00630F02 /* TaskListViewModel.swift */,
				04B1CABF22E1411800630F02 /* EditViewController.swift */,
				04B1CA9B22E1287700630F02 /* Info.plist */,
				04B1CD6B22EA013900630F02 /* TaskModel.xcdatamodeld */,
			);
			path = ToDoListMVVM;
			sourceTree = "<group>";
		};
		04B1CAA322E1287700630F02 /* ToDoListMVVMTests */ = {
			isa = PBXGroup;
			children = (
				04B1CAA422E1287700630F02 /* ToDoListMVVMTests.swift */,
				04B1CAA622E1287700630F02 /* Info.plist */,
			);
			path = ToDoListMVVMTests;
			sourceTree = "<group>";
		};
		04B1CAAE22E1287700630F02 /* ToDoListMVVMUITests */ = {
			isa = PBXGroup;
			children = (
				04B1CAAF22E1287700630F02 /* ToDoListMVVMUITests.swift */,
				04B1CAB122E1287700630F02 /* Info.plist */,
			);
			path = ToDoListMVVMUITests;
			sourceTree = "<group>";
		};
/* End PBXGroup section */

/* Begin PBXNativeTarget section */
		04B1CA8B22E1287500630F02 /* ToDoListMVVM */ = {
			isa = PBXNativeTarget;
			buildConfigurationList = 04B1CAB422E1287700630F02 /* Build configuration list for PBXNativeTarget "ToDoListMVVM" */;
			buildPhases = (
				04B1CA8822E1287500630F02 /* Sources */,
				04B1CA8922E1287500630F02 /* Frameworks */,
				04B1CA8A22E1287500630F02 /* Resources */,
			);
			buildRules = (
			);
			dependencies = (
			);
			name = ToDoListMVVM;
			productName = ToDoListMVVM;
			productReference = 04B1CA8C22E1287500630F02 /* ToDoListMVVM.app */;
			productType = "com.apple.product-type.application";
		};
		04B1CA9F22E1287700630F02 /* ToDoListMVVMTests */ = {
			isa = PBXNativeTarget;
			buildConfigurationList = 04B1CAB722E1287700630F02 /* Build configuration list for PBXNativeTarget "ToDoListMVVMTests" */;
			buildPhases = (
				04B1CA9C22E1287700630F02 /* Sources */,
				04B1CA9D22E1287700630F02 /* Frameworks */,
				04B1CA9E22E1287700630F02 /* Resources */,
			);
			buildRules = (
			);
			dependencies = (
				04B1CAA222E1287700630F02 /* PBXTargetDependency */,
			);
			name = ToDoListMVVMTests;
			productName = ToDoListMVVMTests;
			productReference = 04B1CAA022E1287700630F02 /* ToDoListMVVMTests.xctest */;
			productType = "com.apple.product-type.bundle.unit-test";
		};
		04B1CAAA22E1287700630F02 /* ToDoListMVVMUITests */ = {
			isa = PBXNativeTarget;
			buildConfigurationList = 04B1CABA22E1287700630F02 /* Build configuration list for PBXNativeTarget "ToDoListMVVMUITests" */;
			buildPhases = (
				04B1CAA722E1287700630F02 /* Sources */,
				04B1CAA822E1287700630F02 /* Frameworks */,
				04B1CAA922E1287700630F02 /* Resources */,
			);
			buildRules = (
			);
			dependencies = (
				04B1CAAD22E1287700630F02 /* PBXTargetDependency */,
			);
			name = ToDoListMVVMUITests;
			productName = ToDoListMVVMUITests;
			productReference = 04B1CAAB22E1287700630F02 /* ToDoListMVVMUITests.xctest */;
			productType = "com.apple.product-type.bundle.ui-testing";
		};
		04B1CAC122E1592B00630F02 /* ToDoListMVVM copy */ = {
			isa = PBXNativeTarget;
			buildConfigurationList = 04B1CACB22E1592B00630F02 /* Build configuration list for PBXNativeTarget "ToDoListMVVM copy" */;
			buildPhases = (
				04B1CAC222E1592B00630F02 /* Sources */,
				04B1CAC622E1592B00630F02 /* Frameworks */,
				04B1CAC722E1592B00630F02 /* Resources */,
			);
			buildRules = (
			);
			dependencies = (
			);
			name = "ToDoListMVVM copy";
			productName = ToDoListMVVM;
			productReference = 04B1CACE22E1592B00630F02 /* ToDoListMVVM copy.app */;
			productType = "com.apple.product-type.application";
		};
/* End PBXNativeTarget section */

/* Begin PBXProject section */
		04B1CA8422E1287500630F02 /* Project object */ = {
			isa = PBXProject;
			attributes = {
				LastSwiftUpdateCheck = 1020;
				LastUpgradeCheck = 1020;
				ORGANIZATIONNAME = MCS;
				TargetAttributes = {
					04B1CA8B22E1287500630F02 = {
						CreatedOnToolsVersion = 10.2.1;
					};
					04B1CA9F22E1287700630F02 = {
						CreatedOnToolsVersion = 10.2.1;
						TestTargetID = 04B1CA8B22E1287500630F02;
					};
					04B1CAAA22E1287700630F02 = {
						CreatedOnToolsVersion = 10.2.1;
						TestTargetID = 04B1CA8B22E1287500630F02;
					};
				};
			};
			buildConfigurationList = 04B1CA8722E1287500630F02 /* Build configuration list for PBXProject "ToDoListMVVM" */;
			compatibilityVersion = "Xcode 9.3";
			developmentRegion = en;
			hasScannedForEncodings = 0;
			knownRegions = (
				en,
				Base,
			);
			mainGroup = 04B1CA8322E1287500630F02;
			productRefGroup = 04B1CA8D22E1287500630F02 /* Products */;
			projectDirPath = "";
			projectRoot = "";
			targets = (
				04B1CA8B22E1287500630F02 /* ToDoListMVVM */,
				04B1CA9F22E1287700630F02 /* ToDoListMVVMTests */,
				04B1CAAA22E1287700630F02 /* ToDoListMVVMUITests */,
				04B1CAC122E1592B00630F02 /* ToDoListMVVM copy */,
			);
		};
/* End PBXProject section */

/* Begin PBXResourcesBuildPhase section */
		04B1CA8A22E1287500630F02 /* Resources */ = {
			isa = PBXResourcesBuildPhase;
			buildActionMask = 2147483647;
			files = (
				04B1CA9A22E1287700630F02 /* LaunchScreen.storyboard in Resources */,
				04B1CA9722E1287700630F02 /* Assets.xcassets in Resources */,
				04B1CA9522E1287500630F02 /* Main.storyboard in Resources */,
			);
			runOnlyForDeploymentPostprocessing = 0;
		};
		04B1CA9E22E1287700630F02 /* Resources */ = {
			isa = PBXResourcesBuildPhase;
			buildActionMask = 2147483647;
			files = (
			);
			runOnlyForDeploymentPostprocessing = 0;
		};
		04B1CAA922E1287700630F02 /* Resources */ = {
			isa = PBXResourcesBuildPhase;
			buildActionMask = 2147483647;
			files = (
			);
			runOnlyForDeploymentPostprocessing = 0;
		};
		04B1CAC722E1592B00630F02 /* Resources */ = {
			isa = PBXResourcesBuildPhase;
			buildActionMask = 2147483647;
			files = (
			);
			runOnlyForDeploymentPostprocessing = 0;
		};
/* End PBXResourcesBuildPhase section */

/* Begin PBXSourcesBuildPhase section */
		04B1CA8822E1287500630F02 /* Sources */ = {
			isa = PBXSourcesBuildPhase;
			buildActionMask = 2147483647;
			files = (
				04B1CD6D22EA013900630F02 /* TaskModel.xcdatamodeld in Sources */,
				04B1CA9222E1287500630F02 /* ViewController.swift in Sources */,
				04B1CB5A22E520A200630F02 /* Task+CoreDataClass.swift in Sources */,
				04B1CA9022E1287500630F02 /* AppDelegate.swift in Sources */,
				04B1CB6022E5238C00630F02 /* TaskListViewModel.swift in Sources */,
				04B1CB1122E222B800630F02 /* CoreDataManager.swift in Sources */,
				04B1CB5C22E5216A00630F02 /* Task+CoreDataProperties.swift in Sources */,
				04B1CAC022E1411800630F02 /* EditViewController.swift in Sources */,
			);
			runOnlyForDeploymentPostprocessing = 0;
		};
		04B1CA9C22E1287700630F02 /* Sources */ = {
			isa = PBXSourcesBuildPhase;
			buildActionMask = 2147483647;
			files = (
				04B1CAA522E1287700630F02 /* ToDoListMVVMTests.swift in Sources */,
			);
			runOnlyForDeploymentPostprocessing = 0;
		};
		04B1CAA722E1287700630F02 /* Sources */ = {
			isa = PBXSourcesBuildPhase;
			buildActionMask = 2147483647;
			files = (
				04B1CAB022E1287700630F02 /* ToDoListMVVMUITests.swift in Sources */,
			);
			runOnlyForDeploymentPostprocessing = 0;
		};
		04B1CAC222E1592B00630F02 /* Sources */ = {
			isa = PBXSourcesBuildPhase;
			buildActionMask = 2147483647;
			files = (
			);
			runOnlyForDeploymentPostprocessing = 0;
		};
/* End PBXSourcesBuildPhase section */

/* Begin PBXTargetDependency section */
		04B1CAA222E1287700630F02 /* PBXTargetDependency */ = {
			isa = PBXTargetDependency;
			target = 04B1CA8B22E1287500630F02 /* ToDoListMVVM */;
			targetProxy = 04B1CAA122E1287700630F02 /* PBXContainerItemProxy */;
		};
		04B1CAAD22E1287700630F02 /* PBXTargetDependency */ = {
			isa = PBXTargetDependency;
			target = 04B1CA8B22E1287500630F02 /* ToDoListMVVM */;
			targetProxy = 04B1CAAC22E1287700630F02 /* PBXContainerItemProxy */;
		};
/* End PBXTargetDependency section */

/* Begin PBXVariantGroup section */
		04B1CA9322E1287500630F02 /* Main.storyboard */ = {
			isa = PBXVariantGroup;
			children = (
				04B1CA9422E1287500630F02 /* Base */,
			);
			name = Main.storyboard;
			sourceTree = "<group>";
		};
		04B1CA9822E1287700630F02 /* LaunchScreen.storyboard */ = {
			isa = PBXVariantGroup;
			children = (
				04B1CA9922E1287700630F02 /* Base */,
			);
			name = LaunchScreen.storyboard;
			sourceTree = "<group>";
		};
/* End PBXVariantGroup section */

/* Begin XCBuildConfiguration section */
		04B1CAB222E1287700630F02 /* Debug */ = {
			isa = XCBuildConfiguration;
			buildSettings = {
				ALWAYS_SEARCH_USER_PATHS = NO;
				CLANG_ANALYZER_NONNULL = YES;
				CLANG_ANALYZER_NUMBER_OBJECT_CONVERSION = YES_AGGRESSIVE;
				CLANG_CXX_LANGUAGE_STANDARD = "gnu++14";
				CLANG_CXX_LIBRARY = "libc++";
				CLANG_ENABLE_MODULES = YES;
				CLANG_ENABLE_OBJC_ARC = YES;
				CLANG_ENABLE_OBJC_WEAK = YES;
				CLANG_WARN_BLOCK_CAPTURE_AUTORELEASING = YES;
				CLANG_WARN_BOOL_CONVERSION = YES;
				CLANG_WARN_COMMA = YES;
				CLANG_WARN_CONSTANT_CONVERSION = YES;
				CLANG_WARN_DEPRECATED_OBJC_IMPLEMENTATIONS = YES;
				CLANG_WARN_DIRECT_OBJC_ISA_USAGE = YES_ERROR;
				CLANG_WARN_DOCUMENTATION_COMMENTS = YES;
				CLANG_WARN_EMPTY_BODY = YES;
				CLANG_WARN_ENUM_CONVERSION = YES;
				CLANG_WARN_INFINITE_RECURSION = YES;
				CLANG_WARN_INT_CONVERSION = YES;
				CLANG_WARN_NON_LITERAL_NULL_CONVERSION = YES;
				CLANG_WARN_OBJC_IMPLICIT_RETAIN_SELF = YES;
				CLANG_WARN_OBJC_LITERAL_CONVERSION = YES;
				CLANG_WARN_OBJC_ROOT_CLASS = YES_ERROR;
				CLANG_WARN_RANGE_LOOP_ANALYSIS = YES;
				CLANG_WARN_STRICT_PROTOTYPES = YES;
				CLANG_WARN_SUSPICIOUS_MOVE = YES;
				CLANG_WARN_UNGUARDED_AVAILABILITY = YES_AGGRESSIVE;
				CLANG_WARN_UNREACHABLE_CODE = YES;
				CLANG_WARN__DUPLICATE_METHOD_MATCH = YES;
				CODE_SIGN_IDENTITY = "iPhone Developer";
				COPY_PHASE_STRIP = NO;
				DEBUG_INFORMATION_FORMAT = dwarf;
				ENABLE_STRICT_OBJC_MSGSEND = YES;
				ENABLE_TESTABILITY = YES;
				GCC_C_LANGUAGE_STANDARD = gnu11;
				GCC_DYNAMIC_NO_PIC = NO;
				GCC_NO_COMMON_BLOCKS = YES;
				GCC_OPTIMIZATION_LEVEL = 0;
				GCC_PREPROCESSOR_DEFINITIONS = (
					"DEBUG=1",
					"$(inherited)",
				);
				GCC_WARN_64_TO_32_BIT_CONVERSION = YES;
				GCC_WARN_ABOUT_RETURN_TYPE = YES_ERROR;
				GCC_WARN_UNDECLARED_SELECTOR = YES;
				GCC_WARN_UNINITIALIZED_AUTOS = YES_AGGRESSIVE;
				GCC_WARN_UNUSED_FUNCTION = YES;
				GCC_WARN_UNUSED_VARIABLE = YES;
				IPHONEOS_DEPLOYMENT_TARGET = 12.2;
				MTL_ENABLE_DEBUG_INFO = INCLUDE_SOURCE;
				MTL_FAST_MATH = YES;
				ONLY_ACTIVE_ARCH = YES;
				SDKROOT = iphoneos;
				SWIFT_ACTIVE_COMPILATION_CONDITIONS = DEBUG;
				SWIFT_OPTIMIZATION_LEVEL = "-Onone";
			};
			name = Debug;
		};
		04B1CAB322E1287700630F02 /* Release */ = {
			isa = XCBuildConfiguration;
			buildSettings = {
				ALWAYS_SEARCH_USER_PATHS = NO;
				CLANG_ANALYZER_NONNULL = YES;
				CLANG_ANALYZER_NUMBER_OBJECT_CONVERSION = YES_AGGRESSIVE;
				CLANG_CXX_LANGUAGE_STANDARD = "gnu++14";
				CLANG_CXX_LIBRARY = "libc++";
				CLANG_ENABLE_MODULES = YES;
				CLANG_ENABLE_OBJC_ARC = YES;
				CLANG_ENABLE_OBJC_WEAK = YES;
				CLANG_WARN_BLOCK_CAPTURE_AUTORELEASING = YES;
				CLANG_WARN_BOOL_CONVERSION = YES;
				CLANG_WARN_COMMA = YES;
				CLANG_WARN_CONSTANT_CONVERSION = YES;
				CLANG_WARN_DEPRECATED_OBJC_IMPLEMENTATIONS = YES;
				CLANG_WARN_DIRECT_OBJC_ISA_USAGE = YES_ERROR;
				CLANG_WARN_DOCUMENTATION_COMMENTS = YES;
				CLANG_WARN_EMPTY_BODY = YES;
				CLANG_WARN_ENUM_CONVERSION = YES;
				CLANG_WARN_INFINITE_RECURSION = YES;
				CLANG_WARN_INT_CONVERSION = YES;
				CLANG_WARN_NON_LITERAL_NULL_CONVERSION = YES;
				CLANG_WARN_OBJC_IMPLICIT_RETAIN_SELF = YES;
				CLANG_WARN_OBJC_LITERAL_CONVERSION = YES;
				CLANG_WARN_OBJC_ROOT_CLASS = YES_ERROR;
				CLANG_WARN_RANGE_LOOP_ANALYSIS = YES;
				CLANG_WARN_STRICT_PROTOTYPES = YES;
				CLANG_WARN_SUSPICIOUS_MOVE = YES;
				CLANG_WARN_UNGUARDED_AVAILABILITY = YES_AGGRESSIVE;
				CLANG_WARN_UNREACHABLE_CODE = YES;
				CLANG_WARN__DUPLICATE_METHOD_MATCH = YES;
				CODE_SIGN_IDENTITY = "iPhone Developer";
				COPY_PHASE_STRIP = NO;
				DEBUG_INFORMATION_FORMAT = "dwarf-with-dsym";
				ENABLE_NS_ASSERTIONS = NO;
				ENABLE_STRICT_OBJC_MSGSEND = YES;
				GCC_C_LANGUAGE_STANDARD = gnu11;
				GCC_NO_COMMON_BLOCKS = YES;
				GCC_WARN_64_TO_32_BIT_CONVERSION = YES;
				GCC_WARN_ABOUT_RETURN_TYPE = YES_ERROR;
				GCC_WARN_UNDECLARED_SELECTOR = YES;
				GCC_WARN_UNINITIALIZED_AUTOS = YES_AGGRESSIVE;
				GCC_WARN_UNUSED_FUNCTION = YES;
				GCC_WARN_UNUSED_VARIABLE = YES;
				IPHONEOS_DEPLOYMENT_TARGET = 12.2;
				MTL_ENABLE_DEBUG_INFO = NO;
				MTL_FAST_MATH = YES;
				SDKROOT = iphoneos;
				SWIFT_COMPILATION_MODE = wholemodule;
				SWIFT_OPTIMIZATION_LEVEL = "-O";
				VALIDATE_PRODUCT = YES;
			};
			name = Release;
		};
		04B1CAB522E1287700630F02 /* Debug */ = {
			isa = XCBuildConfiguration;
			buildSettings = {
				ASSETCATALOG_COMPILER_APPICON_NAME = AppIcon;
				CODE_SIGN_STYLE = Automatic;
				DEVELOPMENT_TEAM = T9G42C54QQ;
				INFOPLIST_FILE = ToDoListMVVM/Info.plist;
				LD_RUNPATH_SEARCH_PATHS = (
					"$(inherited)",
					"@executable_path/Frameworks",
				);
				PRODUCT_BUNDLE_IDENTIFIER = MCS.ToDoListMVVM;
				PRODUCT_NAME = "$(TARGET_NAME)";
				SWIFT_VERSION = 5.0;
				TARGETED_DEVICE_FAMILY = "1,2";
			};
			name = Debug;
		};
		04B1CAB622E1287700630F02 /* Release */ = {
			isa = XCBuildConfiguration;
			buildSettings = {
				ASSETCATALOG_COMPILER_APPICON_NAME = AppIcon;
				CODE_SIGN_STYLE = Automatic;
				DEVELOPMENT_TEAM = T9G42C54QQ;
				INFOPLIST_FILE = ToDoListMVVM/Info.plist;
				LD_RUNPATH_SEARCH_PATHS = (
					"$(inherited)",
					"@executable_path/Frameworks",
				);
				PRODUCT_BUNDLE_IDENTIFIER = MCS.ToDoListMVVM;
				PRODUCT_NAME = "$(TARGET_NAME)";
				SWIFT_VERSION = 5.0;
				TARGETED_DEVICE_FAMILY = "1,2";
			};
			name = Release;
		};
		04B1CAB822E1287700630F02 /* Debug */ = {
			isa = XCBuildConfiguration;
			buildSettings = {
				ALWAYS_EMBED_SWIFT_STANDARD_LIBRARIES = YES;
				BUNDLE_LOADER = "$(TEST_HOST)";
				CODE_SIGN_STYLE = Automatic;
				DEVELOPMENT_TEAM = T9G42C54QQ;
				INFOPLIST_FILE = ToDoListMVVMTests/Info.plist;
				LD_RUNPATH_SEARCH_PATHS = (
					"$(inherited)",
					"@executable_path/Frameworks",
					"@loader_path/Frameworks",
				);
				PRODUCT_BUNDLE_IDENTIFIER = MCS.ToDoListMVVMTests;
				PRODUCT_NAME = "$(TARGET_NAME)";
				SWIFT_VERSION = 5.0;
				TARGETED_DEVICE_FAMILY = "1,2";
				TEST_HOST = "$(BUILT_PRODUCTS_DIR)/ToDoListMVVM.app/ToDoListMVVM";
			};
			name = Debug;
		};
		04B1CAB922E1287700630F02 /* Release */ = {
			isa = XCBuildConfiguration;
			buildSettings = {
				ALWAYS_EMBED_SWIFT_STANDARD_LIBRARIES = YES;
				BUNDLE_LOADER = "$(TEST_HOST)";
				CODE_SIGN_STYLE = Automatic;
				DEVELOPMENT_TEAM = T9G42C54QQ;
				INFOPLIST_FILE = ToDoListMVVMTests/Info.plist;
				LD_RUNPATH_SEARCH_PATHS = (
					"$(inherited)",
					"@executable_path/Frameworks",
					"@loader_path/Frameworks",
				);
				PRODUCT_BUNDLE_IDENTIFIER = MCS.ToDoListMVVMTests;
				PRODUCT_NAME = "$(TARGET_NAME)";
				SWIFT_VERSION = 5.0;
				TARGETED_DEVICE_FAMILY = "1,2";
				TEST_HOST = "$(BUILT_PRODUCTS_DIR)/ToDoListMVVM.app/ToDoListMVVM";
			};
			name = Release;
		};
		04B1CABB22E1287700630F02 /* Debug */ = {
			isa = XCBuildConfiguration;
			buildSettings = {
				ALWAYS_EMBED_SWIFT_STANDARD_LIBRARIES = YES;
				CODE_SIGN_STYLE = Automatic;
				DEVELOPMENT_TEAM = T9G42C54QQ;
				INFOPLIST_FILE = ToDoListMVVMUITests/Info.plist;
				LD_RUNPATH_SEARCH_PATHS = (
					"$(inherited)",
					"@executable_path/Frameworks",
					"@loader_path/Frameworks",
				);
				PRODUCT_BUNDLE_IDENTIFIER = MCS.ToDoListMVVMUITests;
				PRODUCT_NAME = "$(TARGET_NAME)";
				SWIFT_VERSION = 5.0;
				TARGETED_DEVICE_FAMILY = "1,2";
				TEST_TARGET_NAME = ToDoListMVVM;
			};
			name = Debug;
		};
		04B1CABC22E1287700630F02 /* Release */ = {
			isa = XCBuildConfiguration;
			buildSettings = {
				ALWAYS_EMBED_SWIFT_STANDARD_LIBRARIES = YES;
				CODE_SIGN_STYLE = Automatic;
				DEVELOPMENT_TEAM = T9G42C54QQ;
				INFOPLIST_FILE = ToDoListMVVMUITests/Info.plist;
				LD_RUNPATH_SEARCH_PATHS = (
					"$(inherited)",
					"@executable_path/Frameworks",
					"@loader_path/Frameworks",
				);
				PRODUCT_BUNDLE_IDENTIFIER = MCS.ToDoListMVVMUITests;
				PRODUCT_NAME = "$(TARGET_NAME)";
				SWIFT_VERSION = 5.0;
				TARGETED_DEVICE_FAMILY = "1,2";
				TEST_TARGET_NAME = ToDoListMVVM;
			};
			name = Release;
		};
		04B1CACC22E1592B00630F02 /* Debug */ = {
			isa = XCBuildConfiguration;
			buildSettings = {
				ASSETCATALOG_COMPILER_APPICON_NAME = AppIcon;
				CODE_SIGN_STYLE = Automatic;
				DEVELOPMENT_TEAM = T9G42C54QQ;
				INFOPLIST_FILE = "ToDoListMVVM copy-Info.plist";
				LD_RUNPATH_SEARCH_PATHS = (
					"$(inherited)",
					"@executable_path/Frameworks",
				);
				PRODUCT_BUNDLE_IDENTIFIER = MCS.ToDoListMVVM;
				PRODUCT_NAME = "$(TARGET_NAME)";
				SWIFT_VERSION = 5.0;
				TARGETED_DEVICE_FAMILY = "1,2";
			};
			name = Debug;
		};
		04B1CACD22E1592B00630F02 /* Release */ = {
			isa = XCBuildConfiguration;
			buildSettings = {
				ASSETCATALOG_COMPILER_APPICON_NAME = AppIcon;
				CODE_SIGN_STYLE = Automatic;
				DEVELOPMENT_TEAM = T9G42C54QQ;
				INFOPLIST_FILE = "ToDoListMVVM copy-Info.plist";
				LD_RUNPATH_SEARCH_PATHS = (
					"$(inherited)",
					"@executable_path/Frameworks",
				);
				PRODUCT_BUNDLE_IDENTIFIER = MCS.ToDoListMVVM;
				PRODUCT_NAME = "$(TARGET_NAME)";
				SWIFT_VERSION = 5.0;
				TARGETED_DEVICE_FAMILY = "1,2";
			};
			name = Release;
		};
/* End XCBuildConfiguration section */

/* Begin XCConfigurationList section */
		04B1CA8722E1287500630F02 /* Build configuration list for PBXProject "ToDoListMVVM" */ = {
			isa = XCConfigurationList;
			buildConfigurations = (
				04B1CAB222E1287700630F02 /* Debug */,
				04B1CAB322E1287700630F02 /* Release */,
			);
			defaultConfigurationIsVisible = 0;
			defaultConfigurationName = Release;
		};
		04B1CAB422E1287700630F02 /* Build configuration list for PBXNativeTarget "ToDoListMVVM" */ = {
			isa = XCConfigurationList;
			buildConfigurations = (
				04B1CAB522E1287700630F02 /* Debug */,
				04B1CAB622E1287700630F02 /* Release */,
			);
			defaultConfigurationIsVisible = 0;
			defaultConfigurationName = Release;
		};
		04B1CAB722E1287700630F02 /* Build configuration list for PBXNativeTarget "ToDoListMVVMTests" */ = {
			isa = XCConfigurationList;
			buildConfigurations = (
				04B1CAB822E1287700630F02 /* Debug */,
				04B1CAB922E1287700630F02 /* Release */,
			);
			defaultConfigurationIsVisible = 0;
			defaultConfigurationName = Release;
		};
		04B1CABA22E1287700630F02 /* Build configuration list for PBXNativeTarget "ToDoListMVVMUITests" */ = {
			isa = XCConfigurationList;
			buildConfigurations = (
				04B1CABB22E1287700630F02 /* Debug */,
				04B1CABC22E1287700630F02 /* Release */,
			);
			defaultConfigurationIsVisible = 0;
			defaultConfigurationName = Release;
		};
		04B1CACB22E1592B00630F02 /* Build configuration list for PBXNativeTarget "ToDoListMVVM copy" */ = {
			isa = XCConfigurationList;
			buildConfigurations = (
				04B1CACC22E1592B00630F02 /* Debug */,
				04B1CACD22E1592B00630F02 /* Release */,
			);
			defaultConfigurationIsVisible = 0;
			defaultConfigurationName = Release;
		};
/* End XCConfigurationList section */

/* Begin XCVersionGroup section */
		04B1CD6B22EA013900630F02 /* TaskModel.xcdatamodeld */ = {
			isa = XCVersionGroup;
			children = (
				04B1CD6C22EA013900630F02 /* TaskModel.xcdatamodel */,
			);
			currentVersion = 04B1CD6C22EA013900630F02 /* TaskModel.xcdatamodel */;
			name = TaskModel.xcdatamodeld;
			path = ../TaskModel.xcdatamodeld;
			sourceTree = "<group>";
			versionGroupType = wrapper.xcdatamodel;
		};
/* End XCVersionGroup section */
	};
	rootObject = 04B1CA8422E1287500630F02 /* Project object */;
}
